// !$*UTF8*$!
{
	archiveVersion = 1;
	classes = {
	};
	objectVersion = 46;
	objects = {

/* Begin PBXBuildFile section */
		04F7A5021D10075B005CD321 /* main.m in Sources */ = {isa = PBXBuildFile; fileRef = 04F7A5011D10075B005CD321 /* main.m */; };
		04F7A5051D10075B005CD321 /* AppDelegate.m in Sources */ = {isa = PBXBuildFile; fileRef = 04F7A5041D10075B005CD321 /* AppDelegate.m */; };
		04F7A5081D10075B005CD321 /* ViewController.m in Sources */ = {isa = PBXBuildFile; fileRef = 04F7A5071D10075B005CD321 /* ViewController.m */; };
		04F7A50B1D10075B005CD321 /* Main.storyboard in Resources */ = {isa = PBXBuildFile; fileRef = 04F7A5091D10075B005CD321 /* Main.storyboard */; };
		04F7A50E1D10075B005CD321 /* FreshOxygen.xcdatamodeld in Sources */ = {isa = PBXBuildFile; fileRef = 04F7A50C1D10075B005CD321 /* FreshOxygen.xcdatamodeld */; };
		04F7A5101D10075B005CD321 /* Assets.xcassets in Resources */ = {isa = PBXBuildFile; fileRef = 04F7A50F1D10075B005CD321 /* Assets.xcassets */; };
		04F7A5131D10075B005CD321 /* LaunchScreen.storyboard in Resources */ = {isa = PBXBuildFile; fileRef = 04F7A5111D10075B005CD321 /* LaunchScreen.storyboard */; };
		04F7A51E1D10075B005CD321 /* FreshOxygenTests.m in Sources */ = {isa = PBXBuildFile; fileRef = 04F7A51D1D10075B005CD321 /* FreshOxygenTests.m */; };
/* End PBXBuildFile section */

/* Begin PBXContainerItemProxy section */
		04F7A51A1D10075B005CD321 /* PBXContainerItemProxy */ = {
			isa = PBXContainerItemProxy;
			containerPortal = 04F7A4F51D10075A005CD321 /* Project object */;
			proxyType = 1;
			remoteGlobalIDString = 04F7A4FC1D10075B005CD321;
			remoteInfo = FreshOxygen;
		};
/* End PBXContainerItemProxy section */

/* Begin PBXFileReference section */
		04F7A4FD1D10075B005CD321 /* FreshOxygen.app */ = {isa = PBXFileReference; explicitFileType = wrapper.application; includeInIndex = 0; path = FreshOxygen.app; sourceTree = BUILT_PRODUCTS_DIR; };
		04F7A5011D10075B005CD321 /* main.m */ = {isa = PBXFileReference; lastKnownFileType = sourcecode.c.objc; path = main.m; sourceTree = "<group>"; };
		04F7A5031D10075B005CD321 /* AppDelegate.h */ = {isa = PBXFileReference; lastKnownFileType = sourcecode.c.h; path = AppDelegate.h; sourceTree = "<group>"; };
		04F7A5041D10075B005CD321 /* AppDelegate.m */ = {isa = PBXFileReference; lastKnownFileType = sourcecode.c.objc; path = AppDelegate.m; sourceTree = "<group>"; };
		04F7A5061D10075B005CD321 /* ViewController.h */ = {isa = PBXFileReference; lastKnownFileType = sourcecode.c.h; path = ViewController.h; sourceTree = "<group>"; };
		04F7A5071D10075B005CD321 /* ViewController.m */ = {isa = PBXFileReference; lastKnownFileType = sourcecode.c.objc; path = ViewController.m; sourceTree = "<group>"; };
		04F7A50A1D10075B005CD321 /* Base */ = {isa = PBXFileReference; lastKnownFileType = file.storyboard; name = Base; path = Base.lproj/Main.storyboard; sourceTree = "<group>"; };
		04F7A50D1D10075B005CD321 /* FreshOxygen.xcdatamodel */ = {isa = PBXFileReference; lastKnownFileType = wrapper.xcdatamodel; path = FreshOxygen.xcdatamodel; sourceTree = "<group>"; };
		04F7A50F1D10075B005CD321 /* Assets.xcassets */ = {isa = PBXFileReference; lastKnownFileType = folder.assetcatalog; path = Assets.xcassets; sourceTree = "<group>"; };
		04F7A5121D10075B005CD321 /* Base */ = {isa = PBXFileReference; lastKnownFileType = file.storyboard; name = Base; path = Base.lproj/LaunchScreen.storyboard; sourceTree = "<group>"; };
		04F7A5141D10075B005CD321 /* Info.plist */ = {isa = PBXFileReference; lastKnownFileType = text.plist.xml; path = Info.plist; sourceTree = "<group>"; };
		04F7A5191D10075B005CD321 /* FreshOxygenTests.xctest */ = {isa = PBXFileReference; explicitFileType = wrapper.cfbundle; includeInIndex = 0; path = FreshOxygenTests.xctest; sourceTree = BUILT_PRODUCTS_DIR; };
		04F7A51D1D10075B005CD321 /* FreshOxygenTests.m */ = {isa = PBXFileReference; lastKnownFileType = sourcecode.c.objc; path = FreshOxygenTests.m; sourceTree = "<group>"; };
		04F7A51F1D10075B005CD321 /* Info.plist */ = {isa = PBXFileReference; lastKnownFileType = text.plist.xml; path = Info.plist; sourceTree = "<group>"; };
/* End PBXFileReference section */

/* Begin PBXFrameworksBuildPhase section */
		04F7A4FA1D10075B005CD321 /* Frameworks */ = {
			isa = PBXFrameworksBuildPhase;
			buildActionMask = 2147483647;
			files = (
			);
			runOnlyForDeploymentPostprocessing = 0;
		};
		04F7A5161D10075B005CD321 /* Frameworks */ = {
			isa = PBXFrameworksBuildPhase;
			buildActionMask = 2147483647;
			files = (
			);
			runOnlyForDeploymentPostprocessing = 0;
		};
/* End PBXFrameworksBuildPhase section */

/* Begin PBXGroup section */
		04F7A4F41D10075A005CD321 = {
			isa = PBXGroup;
			children = (
				04F7A4FF1D10075B005CD321 /* FreshOxygen */,
				04F7A51C1D10075B005CD321 /* FreshOxygenTests */,
				04F7A4FE1D10075B005CD321 /* Products */,
			);
			sourceTree = "<group>";
		};
		04F7A4FE1D10075B005CD321 /* Products */ = {
			isa = PBXGroup;
			children = (
				04F7A4FD1D10075B005CD321 /* FreshOxygen.app */,
				04F7A5191D10075B005CD321 /* FreshOxygenTests.xctest */,
			);
			name = Products;
			sourceTree = "<group>";
		};
		04F7A4FF1D10075B005CD321 /* FreshOxygen */ = {
			isa = PBXGroup;
			children = (
				04F7A5031D10075B005CD321 /* AppDelegate.h */,
				04F7A5041D10075B005CD321 /* AppDelegate.m */,
				04F7A5061D10075B005CD321 /* ViewController.h */,
				04F7A5071D10075B005CD321 /* ViewController.m */,
				04F7A5091D10075B005CD321 /* Main.storyboard */,
				04F7A50F1D10075B005CD321 /* Assets.xcassets */,
				04F7A5111D10075B005CD321 /* LaunchScreen.storyboard */,
				04F7A5141D10075B005CD321 /* Info.plist */,
				04F7A50C1D10075B005CD321 /* FreshOxygen.xcdatamodeld */,
				04F7A5001D10075B005CD321 /* Supporting Files */,
			);
			path = FreshOxygen;
			sourceTree = "<group>";
		};
		04F7A5001D10075B005CD321 /* Supporting Files */ = {
			isa = PBXGroup;
			children = (
				04F7A5011D10075B005CD321 /* main.m */,
			);
			name = "Supporting Files";
			sourceTree = "<group>";
		};
		04F7A51C1D10075B005CD321 /* FreshOxygenTests */ = {
			isa = PBXGroup;
			children = (
				04F7A51D1D10075B005CD321 /* FreshOxygenTests.m */,
				04F7A51F1D10075B005CD321 /* Info.plist */,
			);
			path = FreshOxygenTests;
			sourceTree = "<group>";
		};
/* End PBXGroup section */

/* Begin PBXNativeTarget section */
		04F7A4FC1D10075B005CD321 /* FreshOxygen */ = {
			isa = PBXNativeTarget;
			buildConfigurationList = 04F7A5221D10075B005CD321 /* Build configuration list for PBXNativeTarget "FreshOxygen" */;
			buildPhases = (
				04F7A4F91D10075B005CD321 /* Sources */,
				04F7A4FA1D10075B005CD321 /* Frameworks */,
				04F7A4FB1D10075B005CD321 /* Resources */,
			);
			buildRules = (
			);
			dependencies = (
			);
			name = FreshOxygen;
			productName = FreshOxygen;
			productReference = 04F7A4FD1D10075B005CD321 /* FreshOxygen.app */;
			productType = "com.apple.product-type.application";
		};
		04F7A5181D10075B005CD321 /* FreshOxygenTests */ = {
			isa = PBXNativeTarget;
			buildConfigurationList = 04F7A5251D10075B005CD321 /* Build configuration list for PBXNativeTarget "FreshOxygenTests" */;
			buildPhases = (
				04F7A5151D10075B005CD321 /* Sources */,
				04F7A5161D10075B005CD321 /* Frameworks */,
				04F7A5171D10075B005CD321 /* Resources */,
			);
			buildRules = (
			);
			dependencies = (
				04F7A51B1D10075B005CD321 /* PBXTargetDependency */,
			);
			name = FreshOxygenTests;
			productName = FreshOxygenTests;
			productReference = 04F7A5191D10075B005CD321 /* FreshOxygenTests.xctest */;
			productType = "com.apple.product-type.bundle.unit-test";
		};
/* End PBXNativeTarget section */

/* Begin PBXProject section */
		04F7A4F51D10075A005CD321 /* Project object */ = {
			isa = PBXProject;
			attributes = {
				LastUpgradeCheck = 0710;
				ORGANIZATIONNAME = Cijian.Wu;
				TargetAttributes = {
					04F7A4FC1D10075B005CD321 = {
						CreatedOnToolsVersion = 7.1;
					};
					04F7A5181D10075B005CD321 = {
						CreatedOnToolsVersion = 7.1;
						TestTargetID = 04F7A4FC1D10075B005CD321;
					};
				};
			};
			buildConfigurationList = 04F7A4F81D10075A005CD321 /* Build configuration list for PBXProject "FreshOxygen" */;
			compatibilityVersion = "Xcode 3.2";
			developmentRegion = English;
			hasScannedForEncodings = 0;
			knownRegions = (
				en,
				Base,
			);
			mainGroup = 04F7A4F41D10075A005CD321;
			productRefGroup = 04F7A4FE1D10075B005CD321 /* Products */;
			projectDirPath = "";
			projectRoot = "";
			targets = (
				04F7A4FC1D10075B005CD321 /* FreshOxygen */,
				04F7A5181D10075B005CD321 /* FreshOxygenTests */,
			);
		};
/* End PBXProject section */

/* Begin PBXResourcesBuildPhase section */
		04F7A4FB1D10075B005CD321 /* Resources */ = {
			isa = PBXResourcesBuildPhase;
			buildActionMask = 2147483647;
			files = (
				04F7A5131D10075B005CD321 /* LaunchScreen.storyboard in Resources */,
				04F7A5101D10075B005CD321 /* Assets.xcassets in Resources */,
				04F7A50B1D10075B005CD321 /* Main.storyboard in Resources */,
			);
			runOnlyForDeploymentPostprocessing = 0;
		};
		04F7A5171D10075B005CD321 /* Resources */ = {
			isa = PBXResourcesBuildPhase;
			buildActionMask = 2147483647;
			files = (
			);
			runOnlyForDeploymentPostprocessing = 0;
		};
/* End PBXResourcesBuildPhase section */

/* Begin PBXSourcesBuildPhase section */
		04F7A4F91D10075B005CD321 /* Sources */ = {
			isa = PBXSourcesBuildPhase;
			buildActionMask = 2147483647;
			files = (
				04F7A5081D10075B005CD321 /* ViewController.m in Sources */,
				04F7A5051D10075B005CD321 /* AppDelegate.m in Sources */,
				04F7A50E1D10075B005CD321 /* FreshOxygen.xcdatamodeld in Sources */,
				04F7A5021D10075B005CD321 /* main.m in Sources */,
			);
			runOnlyForDeploymentPostprocessing = 0;
		};
		04F7A5151D10075B005CD321 /* Sources */ = {
			isa = PBXSourcesBuildPhase;
			buildActionMask = 2147483647;
			files = (
				04F7A51E1D10075B005CD321 /* FreshOxygenTests.m in Sources */,
			);
			runOnlyForDeploymentPostprocessing = 0;
		};
/* End PBXSourcesBuildPhase section */

/* Begin PBXTargetDependency section */
		04F7A51B1D10075B005CD321 /* PBXTargetDependency */ = {
			isa = PBXTargetDependency;
			target = 04F7A4FC1D10075B005CD321 /* FreshOxygen */;
			targetProxy = 04F7A51A1D10075B005CD321 /* PBXContainerItemProxy */;
		};
/* End PBXTargetDependency section */

/* Begin PBXVariantGroup section */
		04F7A5091D10075B005CD321 /* Main.storyboard */ = {
			isa = PBXVariantGroup;
			children = (
				04F7A50A1D10075B005CD321 /* Base */,
			);
			name = Main.storyboard;
			sourceTree = "<group>";
		};
		04F7A5111D10075B005CD321 /* LaunchScreen.storyboard */ = {
			isa = PBXVariantGroup;
			children = (
				04F7A5121D10075B005CD321 /* Base */,
			);
			name = LaunchScreen.storyboard;
			sourceTree = "<group>";
		};
/* End PBXVariantGroup section */

/* Begin XCBuildConfiguration section */
		04F7A5201D10075B005CD321 /* Debug */ = {
			isa = XCBuildConfiguration;
			buildSettings = {
				ALWAYS_SEARCH_USER_PATHS = NO;
				CLANG_CXX_LANGUAGE_STANDARD = "gnu++0x";
				CLANG_CXX_LIBRARY = "libc++";
				CLANG_ENABLE_MODULES = YES;
				CLANG_ENABLE_OBJC_ARC = YES;
				CLANG_WARN_BOOL_CONVERSION = YES;
				CLANG_WARN_CONSTANT_CONVERSION = YES;
				CLANG_WARN_DIRECT_OBJC_ISA_USAGE = YES_ERROR;
				CLANG_WARN_EMPTY_BODY = YES;
				CLANG_WARN_ENUM_CONVERSION = YES;
				CLANG_WARN_INT_CONVERSION = YES;
				CLANG_WARN_OBJC_ROOT_CLASS = YES_ERROR;
				CLANG_WARN_UNREACHABLE_CODE = YES;
				CLANG_WARN__DUPLICATE_METHOD_MATCH = YES;
				"CODE_SIGN_IDENTITY[sdk=iphoneos*]" = "iPhone Developer";
				COPY_PHASE_STRIP = NO;
				DEBUG_INFORMATION_FORMAT = dwarf;
				ENABLE_STRICT_OBJC_MSGSEND = YES;
				ENABLE_TESTABILITY = YES;
				GCC_C_LANGUAGE_STANDARD = gnu99;
				GCC_DYNAMIC_NO_PIC = NO;
				GCC_NO_COMMON_BLOCKS = YES;
				GCC_OPTIMIZATION_LEVEL = 0;
				GCC_PREPROCESSOR_DEFINITIONS = (
					"DEBUG=1",
					"$(inherited)",
				);
				GCC_WARN_64_TO_32_BIT_CONVERSION = YES;
				GCC_WARN_ABOUT_RETURN_TYPE = YES_ERROR;
				GCC_WARN_UNDECLARED_SELECTOR = YES;
				GCC_WARN_UNINITIALIZED_AUTOS = YES_AGGRESSIVE;
				GCC_WARN_UNUSED_FUNCTION = YES;
				GCC_WARN_UNUSED_VARIABLE = YES;
				IPHONEOS_DEPLOYMENT_TARGET = 9.1;
				MTL_ENABLE_DEBUG_INFO = YES;
				ONLY_ACTIVE_ARCH = YES;
				SDKROOT = iphoneos;
				TARGETED_DEVICE_FAMILY = "1,2";
			};
			name = Debug;
		};
		04F7A5211D10075B005CD321 /* Release */ = {
			isa = XCBuildConfiguration;
			buildSettings = {
				ALWAYS_SEARCH_USER_PATHS = NO;
				CLANG_CXX_LANGUAGE_STANDARD = "gnu++0x";
				CLANG_CXX_LIBRARY = "libc++";
				CLANG_ENABLE_MODULES = YES;
				CLANG_ENABLE_OBJC_ARC = YES;
				CLANG_WARN_BOOL_CONVERSION = YES;
				CLANG_WARN_CONSTANT_CONVERSION = YES;
				CLANG_WARN_DIRECT_OBJC_ISA_USAGE = YES_ERROR;
				CLANG_WARN_EMPTY_BODY = YES;
				CLANG_WARN_ENUM_CONVERSION = YES;
				CLANG_WARN_INT_CONVERSION = YES;
				CLANG_WARN_OBJC_ROOT_CLASS = YES_ERROR;
				CLANG_WARN_UNREACHABLE_CODE = YES;
				CLANG_WARN__DUPLICATE_METHOD_MATCH = YES;
				"CODE_SIGN_IDENTITY[sdk=iphoneos*]" = "iPhone Developer";
				COPY_PHASE_STRIP = NO;
				DEBUG_INFORMATION_FORMAT = "dwarf-with-dsym";
				ENABLE_NS_ASSERTIONS = NO;
				ENABLE_STRICT_OBJC_MSGSEND = YES;
				GCC_C_LANGUAGE_STANDARD = gnu99;
				GCC_NO_COMMON_BLOCKS = YES;
				GCC_WARN_64_TO_32_BIT_CONVERSION = YES;
				GCC_WARN_ABOUT_RETURN_TYPE = YES_ERROR;
				GCC_WARN_UNDECLARED_SELECTOR = YES;
				GCC_WARN_UNINITIALIZED_AUTOS = YES_AGGRESSIVE;
				GCC_WARN_UNUSED_FUNCTION = YES;
				GCC_WARN_UNUSED_VARIABLE = YES;
				IPHONEOS_DEPLOYMENT_TARGET = 9.1;
				MTL_ENABLE_DEBUG_INFO = NO;
				SDKROOT = iphoneos;
				TARGETED_DEVICE_FAMILY = "1,2";
				VALIDATE_PRODUCT = YES;
			};
			name = Release;
		};
		04F7A5231D10075B005CD321 /* Debug */ = {
			isa = XCBuildConfiguration;
			buildSettings = {
				ASSETCATALOG_COMPILER_APPICON_NAME = AppIcon;
				INFOPLIST_FILE = FreshOxygen/Info.plist;
				LD_RUNPATH_SEARCH_PATHS = "$(inherited) @executable_path/Frameworks";
				PRODUCT_BUNDLE_IDENTIFIER = "CJ-Chris.FreshOxygen";
				PRODUCT_NAME = "$(TARGET_NAME)";
			};
			name = Debug;
		};
		04F7A5241D10075B005CD321 /* Release */ = {
			isa = XCBuildConfiguration;
			buildSettings = {
				ASSETCATALOG_COMPILER_APPICON_NAME = AppIcon;
				INFOPLIST_FILE = FreshOxygen/Info.plist;
				LD_RUNPATH_SEARCH_PATHS = "$(inherited) @executable_path/Frameworks";
				PRODUCT_BUNDLE_IDENTIFIER = "CJ-Chris.FreshOxygen";
				PRODUCT_NAME = "$(TARGET_NAME)";
			};
			name = Release;
		};
		04F7A5261D10075B005CD321 /* Debug */ = {
			isa = XCBuildConfiguration;
			buildSettings = {
				BUNDLE_LOADER = "$(TEST_HOST)";
				INFOPLIST_FILE = FreshOxygenTests/Info.plist;
				LD_RUNPATH_SEARCH_PATHS = "$(inherited) @executable_path/Frameworks @loader_path/Frameworks";
				PRODUCT_BUNDLE_IDENTIFIER = "CJ-Chris.FreshOxygenTests";
				PRODUCT_NAME = "$(TARGET_NAME)";
				TEST_HOST = "$(BUILT_PRODUCTS_DIR)/FreshOxygen.app/FreshOxygen";
			};
			name = Debug;
		};
		04F7A5271D10075B005CD321 /* Release */ = {
			isa = XCBuildConfiguration;
			buildSettings = {
				BUNDLE_LOADER = "$(TEST_HOST)";
				INFOPLIST_FILE = FreshOxygenTests/Info.plist;
				LD_RUNPATH_SEARCH_PATHS = "$(inherited) @executable_path/Frameworks @loader_path/Frameworks";
				PRODUCT_BUNDLE_IDENTIFIER = "CJ-Chris.FreshOxygenTests";
				PRODUCT_NAME = "$(TARGET_NAME)";
				TEST_HOST = "$(BUILT_PRODUCTS_DIR)/FreshOxygen.app/FreshOxygen";
			};
			name = Release;
		};
/* End XCBuildConfiguration section */

/* Begin XCConfigurationList section */
		04F7A4F81D10075A005CD321 /* Build configuration list for PBXProject "FreshOxygen" */ = {
			isa = XCConfigurationList;
			buildConfigurations = (
				04F7A5201D10075B005CD321 /* Debug */,
				04F7A5211D10075B005CD321 /* Release */,
			);
			defaultConfigurationIsVisible = 0;
			defaultConfigurationName = Release;
		};
		04F7A5221D10075B005CD321 /* Build configuration list for PBXNativeTarget "FreshOxygen" */ = {
			isa = XCConfigurationList;
			buildConfigurations = (
				04F7A5231D10075B005CD321 /* Debug */,
				04F7A5241D10075B005CD321 /* Release */,
			);
			defaultConfigurationIsVisible = 0;
		};
		04F7A5251D10075B005CD321 /* Build configuration list for PBXNativeTarget "FreshOxygenTests" */ = {
			isa = XCConfigurationList;
			buildConfigurations = (
				04F7A5261D10075B005CD321 /* Debug */,
				04F7A5271D10075B005CD321 /* Release */,
			);
			defaultConfigurationIsVisible = 0;
		};
/* End XCConfigurationList section */

/* Begin XCVersionGroup section */
		04F7A50C1D10075B005CD321 /* FreshOxygen.xcdatamodeld */ = {
			isa = XCVersionGroup;
			children = (
				04F7A50D1D10075B005CD321 /* FreshOxygen.xcdatamodel */,
			);
			currentVersion = 04F7A50D1D10075B005CD321 /* FreshOxygen.xcdatamodel */;
			path = FreshOxygen.xcdatamodeld;
			sourceTree = "<group>";
			versionGroupType = wrapper.xcdatamodel;
		};
/* End XCVersionGroup section */
	};
	rootObject = 04F7A4F51D10075A005CD321 /* Project object */;
}
