// !$*UTF8*$!
{
	archiveVersion = 1;
	classes = {
	};
	objectVersion = 46;
	objects = {

/* Begin PBXBuildFile section */
		0411445E1D11372A008A57DB /* RecommandBtn+CoreDataProperties.m in Sources */ = {isa = PBXBuildFile; fileRef = 0411444F1D11372A008A57DB /* RecommandBtn+CoreDataProperties.m */; };
		0411445F1D11372A008A57DB /* RecommandBtn.m in Sources */ = {isa = PBXBuildFile; fileRef = 041144511D11372A008A57DB /* RecommandBtn.m */; };
		041144601D11372A008A57DB /* RecommandImages+CoreDataProperties.m in Sources */ = {isa = PBXBuildFile; fileRef = 041144531D11372A008A57DB /* RecommandImages+CoreDataProperties.m */; };
		041144611D11372A008A57DB /* RecommandImages.m in Sources */ = {isa = PBXBuildFile; fileRef = 041144551D11372A008A57DB /* RecommandImages.m */; };
		041144621D11372A008A57DB /* RecommandMessage+CoreDataProperties.m in Sources */ = {isa = PBXBuildFile; fileRef = 041144571D11372A008A57DB /* RecommandMessage+CoreDataProperties.m */; };
		041144631D11372A008A57DB /* RecommandMessage.m in Sources */ = {isa = PBXBuildFile; fileRef = 041144591D11372A008A57DB /* RecommandMessage.m */; };
		041144641D11372A008A57DB /* RecommandScroll+CoreDataProperties.m in Sources */ = {isa = PBXBuildFile; fileRef = 0411445B1D11372A008A57DB /* RecommandScroll+CoreDataProperties.m */; };
		041144651D11372A008A57DB /* RecommandScroll.m in Sources */ = {isa = PBXBuildFile; fileRef = 0411445D1D11372A008A57DB /* RecommandScroll.m */; };
		041144691D114062008A57DB /* CJRecommandCellModel.m in Sources */ = {isa = PBXBuildFile; fileRef = 041144681D114062008A57DB /* CJRecommandCellModel.m */; };
		0411446C1D114D62008A57DB /* CJRecommandSurgeryModel.m in Sources */ = {isa = PBXBuildFile; fileRef = 0411446B1D114D62008A57DB /* CJRecommandSurgeryModel.m */; };
		041144751D1156C9008A57DB /* CJRecommandCustomTableCell.m in Sources */ = {isa = PBXBuildFile; fileRef = 041144731D1156C9008A57DB /* CJRecommandCustomTableCell.m */; };
		041144761D1156C9008A57DB /* CJRecommandCustomTableCell.xib in Resources */ = {isa = PBXBuildFile; fileRef = 041144741D1156C9008A57DB /* CJRecommandCustomTableCell.xib */; };
		0411447A1D115717008A57DB /* CJRecommandGOVTableCell.m in Sources */ = {isa = PBXBuildFile; fileRef = 041144781D115717008A57DB /* CJRecommandGOVTableCell.m */; };
		0411447B1D115717008A57DB /* CJRecommandGOVTableCell.xib in Resources */ = {isa = PBXBuildFile; fileRef = 041144791D115717008A57DB /* CJRecommandGOVTableCell.xib */; };
		0411447D1D117056008A57DB /* photo.png in Resources */ = {isa = PBXBuildFile; fileRef = 0411447C1D117056008A57DB /* photo.png */; };
		04114C291D11896C008A57DB /* CJRecommandBtnView.m in Sources */ = {isa = PBXBuildFile; fileRef = 04114C281D11896C008A57DB /* CJRecommandBtnView.m */; };
		04DC87DE1D123D92003EE196 /* NSArray+Extension.m in Sources */ = {isa = PBXBuildFile; fileRef = 04DC87DD1D123D92003EE196 /* NSArray+Extension.m */; };
		04DC87E11D1240FC003EE196 /* CJTool.m in Sources */ = {isa = PBXBuildFile; fileRef = 04DC87E01D1240FC003EE196 /* CJTool.m */; };
		04F7A5021D10075B005CD321 /* main.m in Sources */ = {isa = PBXBuildFile; fileRef = 04F7A5011D10075B005CD321 /* main.m */; };
		04F7A5051D10075B005CD321 /* AppDelegate.m in Sources */ = {isa = PBXBuildFile; fileRef = 04F7A5041D10075B005CD321 /* AppDelegate.m */; };
		04F7A5081D10075B005CD321 /* ViewController.m in Sources */ = {isa = PBXBuildFile; fileRef = 04F7A5071D10075B005CD321 /* ViewController.m */; };
		04F7A50B1D10075B005CD321 /* Main.storyboard in Resources */ = {isa = PBXBuildFile; fileRef = 04F7A5091D10075B005CD321 /* Main.storyboard */; };
		04F7A50E1D10075B005CD321 /* FreshOxygen.xcdatamodeld in Sources */ = {isa = PBXBuildFile; fileRef = 04F7A50C1D10075B005CD321 /* FreshOxygen.xcdatamodeld */; };
		04F7A5101D10075B005CD321 /* Assets.xcassets in Resources */ = {isa = PBXBuildFile; fileRef = 04F7A50F1D10075B005CD321 /* Assets.xcassets */; };
		04F7A5131D10075B005CD321 /* LaunchScreen.storyboard in Resources */ = {isa = PBXBuildFile; fileRef = 04F7A5111D10075B005CD321 /* LaunchScreen.storyboard */; };
		04F7A51E1D10075B005CD321 /* FreshOxygenTests.m in Sources */ = {isa = PBXBuildFile; fileRef = 04F7A51D1D10075B005CD321 /* FreshOxygenTests.m */; };
		04F7A5301D101F9F005CD321 /* CJRecommandScrollView.m in Sources */ = {isa = PBXBuildFile; fileRef = 04F7A52F1D101F9F005CD321 /* CJRecommandScrollView.m */; };
		04F7A5321D101FC7005CD321 /* CJRecommandScrollView.xib in Resources */ = {isa = PBXBuildFile; fileRef = 04F7A5311D101FC7005CD321 /* CJRecommandScrollView.xib */; };
		BD2BC459E4EE74A859C2C392 /* libPods-FreshOxygen.a in Frameworks */ = {isa = PBXBuildFile; fileRef = 866EC5CC5873624BF83C2FA5 /* libPods-FreshOxygen.a */; };
/* End PBXBuildFile section */

/* Begin PBXContainerItemProxy section */
		04F7A51A1D10075B005CD321 /* PBXContainerItemProxy */ = {
			isa = PBXContainerItemProxy;
			containerPortal = 04F7A4F51D10075A005CD321 /* Project object */;
			proxyType = 1;
			remoteGlobalIDString = 04F7A4FC1D10075B005CD321;
			remoteInfo = FreshOxygen;
		};
/* End PBXContainerItemProxy section */

/* Begin PBXFileReference section */
		041144391D112DFB008A57DB /* CJHeader.h */ = {isa = PBXFileReference; lastKnownFileType = sourcecode.c.h; path = CJHeader.h; sourceTree = "<group>"; };
		0411444E1D11372A008A57DB /* RecommandBtn+CoreDataProperties.h */ = {isa = PBXFileReference; fileEncoding = 4; lastKnownFileType = sourcecode.c.h; path = "RecommandBtn+CoreDataProperties.h"; sourceTree = "<group>"; };
		0411444F1D11372A008A57DB /* RecommandBtn+CoreDataProperties.m */ = {isa = PBXFileReference; fileEncoding = 4; lastKnownFileType = sourcecode.c.objc; path = "RecommandBtn+CoreDataProperties.m"; sourceTree = "<group>"; };
		041144501D11372A008A57DB /* RecommandBtn.h */ = {isa = PBXFileReference; fileEncoding = 4; lastKnownFileType = sourcecode.c.h; path = RecommandBtn.h; sourceTree = "<group>"; };
		041144511D11372A008A57DB /* RecommandBtn.m */ = {isa = PBXFileReference; fileEncoding = 4; lastKnownFileType = sourcecode.c.objc; path = RecommandBtn.m; sourceTree = "<group>"; };
		041144521D11372A008A57DB /* RecommandImages+CoreDataProperties.h */ = {isa = PBXFileReference; fileEncoding = 4; lastKnownFileType = sourcecode.c.h; path = "RecommandImages+CoreDataProperties.h"; sourceTree = "<group>"; };
		041144531D11372A008A57DB /* RecommandImages+CoreDataProperties.m */ = {isa = PBXFileReference; fileEncoding = 4; lastKnownFileType = sourcecode.c.objc; path = "RecommandImages+CoreDataProperties.m"; sourceTree = "<group>"; };
		041144541D11372A008A57DB /* RecommandImages.h */ = {isa = PBXFileReference; fileEncoding = 4; lastKnownFileType = sourcecode.c.h; path = RecommandImages.h; sourceTree = "<group>"; };
		041144551D11372A008A57DB /* RecommandImages.m */ = {isa = PBXFileReference; fileEncoding = 4; lastKnownFileType = sourcecode.c.objc; path = RecommandImages.m; sourceTree = "<group>"; };
		041144561D11372A008A57DB /* RecommandMessage+CoreDataProperties.h */ = {isa = PBXFileReference; fileEncoding = 4; lastKnownFileType = sourcecode.c.h; path = "RecommandMessage+CoreDataProperties.h"; sourceTree = "<group>"; };
		041144571D11372A008A57DB /* RecommandMessage+CoreDataProperties.m */ = {isa = PBXFileReference; fileEncoding = 4; lastKnownFileType = sourcecode.c.objc; path = "RecommandMessage+CoreDataProperties.m"; sourceTree = "<group>"; };
		041144581D11372A008A57DB /* RecommandMessage.h */ = {isa = PBXFileReference; fileEncoding = 4; lastKnownFileType = sourcecode.c.h; path = RecommandMessage.h; sourceTree = "<group>"; };
		041144591D11372A008A57DB /* RecommandMessage.m */ = {isa = PBXFileReference; fileEncoding = 4; lastKnownFileType = sourcecode.c.objc; path = RecommandMessage.m; sourceTree = "<group>"; };
		0411445A1D11372A008A57DB /* RecommandScroll+CoreDataProperties.h */ = {isa = PBXFileReference; fileEncoding = 4; lastKnownFileType = sourcecode.c.h; path = "RecommandScroll+CoreDataProperties.h"; sourceTree = "<group>"; };
		0411445B1D11372A008A57DB /* RecommandScroll+CoreDataProperties.m */ = {isa = PBXFileReference; fileEncoding = 4; lastKnownFileType = sourcecode.c.objc; path = "RecommandScroll+CoreDataProperties.m"; sourceTree = "<group>"; };
		0411445C1D11372A008A57DB /* RecommandScroll.h */ = {isa = PBXFileReference; fileEncoding = 4; lastKnownFileType = sourcecode.c.h; path = RecommandScroll.h; sourceTree = "<group>"; };
		0411445D1D11372A008A57DB /* RecommandScroll.m */ = {isa = PBXFileReference; fileEncoding = 4; lastKnownFileType = sourcecode.c.objc; path = RecommandScroll.m; sourceTree = "<group>"; };
		041144671D114062008A57DB /* CJRecommandCellModel.h */ = {isa = PBXFileReference; fileEncoding = 4; lastKnownFileType = sourcecode.c.h; path = CJRecommandCellModel.h; sourceTree = "<group>"; };
		041144681D114062008A57DB /* CJRecommandCellModel.m */ = {isa = PBXFileReference; fileEncoding = 4; lastKnownFileType = sourcecode.c.objc; path = CJRecommandCellModel.m; sourceTree = "<group>"; };
		0411446A1D114D62008A57DB /* CJRecommandSurgeryModel.h */ = {isa = PBXFileReference; fileEncoding = 4; lastKnownFileType = sourcecode.c.h; path = CJRecommandSurgeryModel.h; sourceTree = "<group>"; };
		0411446B1D114D62008A57DB /* CJRecommandSurgeryModel.m */ = {isa = PBXFileReference; fileEncoding = 4; lastKnownFileType = sourcecode.c.objc; path = CJRecommandSurgeryModel.m; sourceTree = "<group>"; };
		041144721D1156C9008A57DB /* CJRecommandCustomTableCell.h */ = {isa = PBXFileReference; fileEncoding = 4; lastKnownFileType = sourcecode.c.h; path = CJRecommandCustomTableCell.h; sourceTree = "<group>"; };
		041144731D1156C9008A57DB /* CJRecommandCustomTableCell.m */ = {isa = PBXFileReference; fileEncoding = 4; lastKnownFileType = sourcecode.c.objc; path = CJRecommandCustomTableCell.m; sourceTree = "<group>"; };
		041144741D1156C9008A57DB /* CJRecommandCustomTableCell.xib */ = {isa = PBXFileReference; fileEncoding = 4; lastKnownFileType = file.xib; path = CJRecommandCustomTableCell.xib; sourceTree = "<group>"; };
		041144771D115717008A57DB /* CJRecommandGOVTableCell.h */ = {isa = PBXFileReference; fileEncoding = 4; lastKnownFileType = sourcecode.c.h; path = CJRecommandGOVTableCell.h; sourceTree = "<group>"; };
		041144781D115717008A57DB /* CJRecommandGOVTableCell.m */ = {isa = PBXFileReference; fileEncoding = 4; lastKnownFileType = sourcecode.c.objc; path = CJRecommandGOVTableCell.m; sourceTree = "<group>"; };
		041144791D115717008A57DB /* CJRecommandGOVTableCell.xib */ = {isa = PBXFileReference; fileEncoding = 4; lastKnownFileType = file.xib; path = CJRecommandGOVTableCell.xib; sourceTree = "<group>"; };
		0411447C1D117056008A57DB /* photo.png */ = {isa = PBXFileReference; lastKnownFileType = image.png; path = photo.png; sourceTree = "<group>"; };
		04114C271D11896C008A57DB /* CJRecommandBtnView.h */ = {isa = PBXFileReference; fileEncoding = 4; lastKnownFileType = sourcecode.c.h; path = CJRecommandBtnView.h; sourceTree = "<group>"; };
		04114C281D11896C008A57DB /* CJRecommandBtnView.m */ = {isa = PBXFileReference; fileEncoding = 4; lastKnownFileType = sourcecode.c.objc; path = CJRecommandBtnView.m; sourceTree = "<group>"; };
		04DC87DC1D123D92003EE196 /* NSArray+Extension.h */ = {isa = PBXFileReference; fileEncoding = 4; lastKnownFileType = sourcecode.c.h; path = "NSArray+Extension.h"; sourceTree = "<group>"; };
		04DC87DD1D123D92003EE196 /* NSArray+Extension.m */ = {isa = PBXFileReference; fileEncoding = 4; lastKnownFileType = sourcecode.c.objc; path = "NSArray+Extension.m"; sourceTree = "<group>"; };
		04DC87DF1D1240FC003EE196 /* CJTool.h */ = {isa = PBXFileReference; fileEncoding = 4; lastKnownFileType = sourcecode.c.h; path = CJTool.h; sourceTree = "<group>"; };
		04DC87E01D1240FC003EE196 /* CJTool.m */ = {isa = PBXFileReference; fileEncoding = 4; lastKnownFileType = sourcecode.c.objc; path = CJTool.m; sourceTree = "<group>"; };
		04F7A4FD1D10075B005CD321 /* FreshOxygen.app */ = {isa = PBXFileReference; explicitFileType = wrapper.application; includeInIndex = 0; path = FreshOxygen.app; sourceTree = BUILT_PRODUCTS_DIR; };
		04F7A5011D10075B005CD321 /* main.m */ = {isa = PBXFileReference; lastKnownFileType = sourcecode.c.objc; path = main.m; sourceTree = "<group>"; };
		04F7A5031D10075B005CD321 /* AppDelegate.h */ = {isa = PBXFileReference; lastKnownFileType = sourcecode.c.h; path = AppDelegate.h; sourceTree = "<group>"; };
		04F7A5041D10075B005CD321 /* AppDelegate.m */ = {isa = PBXFileReference; lastKnownFileType = sourcecode.c.objc; path = AppDelegate.m; sourceTree = "<group>"; };
		04F7A5061D10075B005CD321 /* ViewController.h */ = {isa = PBXFileReference; lastKnownFileType = sourcecode.c.h; path = ViewController.h; sourceTree = "<group>"; };
		04F7A5071D10075B005CD321 /* ViewController.m */ = {isa = PBXFileReference; lastKnownFileType = sourcecode.c.objc; path = ViewController.m; sourceTree = "<group>"; };
		04F7A50A1D10075B005CD321 /* Base */ = {isa = PBXFileReference; lastKnownFileType = file.storyboard; name = Base; path = Base.lproj/Main.storyboard; sourceTree = "<group>"; };
		04F7A50D1D10075B005CD321 /* FreshOxygen.xcdatamodel */ = {isa = PBXFileReference; lastKnownFileType = wrapper.xcdatamodel; path = FreshOxygen.xcdatamodel; sourceTree = "<group>"; };
		04F7A50F1D10075B005CD321 /* Assets.xcassets */ = {isa = PBXFileReference; lastKnownFileType = folder.assetcatalog; path = Assets.xcassets; sourceTree = "<group>"; };
		04F7A5121D10075B005CD321 /* Base */ = {isa = PBXFileReference; lastKnownFileType = file.storyboard; name = Base; path = Base.lproj/LaunchScreen.storyboard; sourceTree = "<group>"; };
		04F7A5141D10075B005CD321 /* Info.plist */ = {isa = PBXFileReference; lastKnownFileType = text.plist.xml; path = Info.plist; sourceTree = "<group>"; };
		04F7A5191D10075B005CD321 /* FreshOxygenTests.xctest */ = {isa = PBXFileReference; explicitFileType = wrapper.cfbundle; includeInIndex = 0; path = FreshOxygenTests.xctest; sourceTree = BUILT_PRODUCTS_DIR; };
		04F7A51D1D10075B005CD321 /* FreshOxygenTests.m */ = {isa = PBXFileReference; lastKnownFileType = sourcecode.c.objc; path = FreshOxygenTests.m; sourceTree = "<group>"; };
		04F7A51F1D10075B005CD321 /* Info.plist */ = {isa = PBXFileReference; lastKnownFileType = text.plist.xml; path = Info.plist; sourceTree = "<group>"; };
		04F7A52E1D101F9F005CD321 /* CJRecommandScrollView.h */ = {isa = PBXFileReference; fileEncoding = 4; lastKnownFileType = sourcecode.c.h; path = CJRecommandScrollView.h; sourceTree = "<group>"; };
		04F7A52F1D101F9F005CD321 /* CJRecommandScrollView.m */ = {isa = PBXFileReference; fileEncoding = 4; lastKnownFileType = sourcecode.c.objc; path = CJRecommandScrollView.m; sourceTree = "<group>"; };
		04F7A5311D101FC7005CD321 /* CJRecommandScrollView.xib */ = {isa = PBXFileReference; fileEncoding = 4; lastKnownFileType = file.xib; path = CJRecommandScrollView.xib; sourceTree = "<group>"; };
		2E08BC170A29BA49762B8A7A /* Pods-FreshOxygen.release.xcconfig */ = {isa = PBXFileReference; includeInIndex = 1; lastKnownFileType = text.xcconfig; name = "Pods-FreshOxygen.release.xcconfig"; path = "Pods/Target Support Files/Pods-FreshOxygen/Pods-FreshOxygen.release.xcconfig"; sourceTree = "<group>"; };
		866EC5CC5873624BF83C2FA5 /* libPods-FreshOxygen.a */ = {isa = PBXFileReference; explicitFileType = archive.ar; includeInIndex = 0; path = "libPods-FreshOxygen.a"; sourceTree = BUILT_PRODUCTS_DIR; };
		EA04CEBE699483058A177554 /* Pods-FreshOxygen.debug.xcconfig */ = {isa = PBXFileReference; includeInIndex = 1; lastKnownFileType = text.xcconfig; name = "Pods-FreshOxygen.debug.xcconfig"; path = "Pods/Target Support Files/Pods-FreshOxygen/Pods-FreshOxygen.debug.xcconfig"; sourceTree = "<group>"; };
/* End PBXFileReference section */

/* Begin PBXFrameworksBuildPhase section */
		04F7A4FA1D10075B005CD321 /* Frameworks */ = {
			isa = PBXFrameworksBuildPhase;
			buildActionMask = 2147483647;
			files = (
				BD2BC459E4EE74A859C2C392 /* libPods-FreshOxygen.a in Frameworks */,
			);
			runOnlyForDeploymentPostprocessing = 0;
		};
		04F7A5161D10075B005CD321 /* Frameworks */ = {
			isa = PBXFrameworksBuildPhase;
			buildActionMask = 2147483647;
			files = (
			);
			runOnlyForDeploymentPostprocessing = 0;
		};
/* End PBXFrameworksBuildPhase section */

/* Begin PBXGroup section */
		0411443A1D113057008A57DB /* CoreData */ = {
			isa = PBXGroup;
			children = (
				0411443B1D11305D008A57DB /* 推荐首页 */,
			);
			name = CoreData;
			sourceTree = "<group>";
		};
		0411443B1D11305D008A57DB /* 推荐首页 */ = {
			isa = PBXGroup;
			children = (
				0411444E1D11372A008A57DB /* RecommandBtn+CoreDataProperties.h */,
				0411444F1D11372A008A57DB /* RecommandBtn+CoreDataProperties.m */,
				041144501D11372A008A57DB /* RecommandBtn.h */,
				041144511D11372A008A57DB /* RecommandBtn.m */,
				041144521D11372A008A57DB /* RecommandImages+CoreDataProperties.h */,
				041144531D11372A008A57DB /* RecommandImages+CoreDataProperties.m */,
				041144541D11372A008A57DB /* RecommandImages.h */,
				041144551D11372A008A57DB /* RecommandImages.m */,
				041144561D11372A008A57DB /* RecommandMessage+CoreDataProperties.h */,
				041144571D11372A008A57DB /* RecommandMessage+CoreDataProperties.m */,
				041144581D11372A008A57DB /* RecommandMessage.h */,
				041144591D11372A008A57DB /* RecommandMessage.m */,
				0411445A1D11372A008A57DB /* RecommandScroll+CoreDataProperties.h */,
				0411445B1D11372A008A57DB /* RecommandScroll+CoreDataProperties.m */,
				0411445C1D11372A008A57DB /* RecommandScroll.h */,
				0411445D1D11372A008A57DB /* RecommandScroll.m */,
			);
			name = "推荐首页";
			sourceTree = "<group>";
		};
		041144661D114039008A57DB /* 推荐首页 */ = {
			isa = PBXGroup;
			children = (
				041144671D114062008A57DB /* CJRecommandCellModel.h */,
				041144681D114062008A57DB /* CJRecommandCellModel.m */,
				0411446A1D114D62008A57DB /* CJRecommandSurgeryModel.h */,
				0411446B1D114D62008A57DB /* CJRecommandSurgeryModel.m */,
			);
			name = "推荐首页";
			sourceTree = "<group>";
		};
		0411446D1D115517008A57DB /* 推荐 */ = {
			isa = PBXGroup;
			children = (
				0411446E1D11551F008A57DB /* 表头 */,
				0411446F1D11552C008A57DB /* cell */,
			);
			name = "推荐";
			sourceTree = "<group>";
		};
		0411446E1D11551F008A57DB /* 表头 */ = {
			isa = PBXGroup;
			children = (
				04114C261D11894E008A57DB /* 按钮 */,
				04F7A52E1D101F9F005CD321 /* CJRecommandScrollView.h */,
				04F7A52F1D101F9F005CD321 /* CJRecommandScrollView.m */,
				04F7A5311D101FC7005CD321 /* CJRecommandScrollView.xib */,
			);
			name = "表头";
			sourceTree = "<group>";
		};
		0411446F1D11552C008A57DB /* cell */ = {
			isa = PBXGroup;
			children = (
				041144711D115645008A57DB /* 用户 */,
				041144701D115634008A57DB /* 官方 */,
			);
			name = cell;
			sourceTree = "<group>";
		};
		041144701D115634008A57DB /* 官方 */ = {
			isa = PBXGroup;
			children = (
				041144771D115717008A57DB /* CJRecommandGOVTableCell.h */,
				041144781D115717008A57DB /* CJRecommandGOVTableCell.m */,
				041144791D115717008A57DB /* CJRecommandGOVTableCell.xib */,
			);
			name = "官方";
			sourceTree = "<group>";
		};
		041144711D115645008A57DB /* 用户 */ = {
			isa = PBXGroup;
			children = (
				041144721D1156C9008A57DB /* CJRecommandCustomTableCell.h */,
				041144731D1156C9008A57DB /* CJRecommandCustomTableCell.m */,
				041144741D1156C9008A57DB /* CJRecommandCustomTableCell.xib */,
			);
			name = "用户";
			sourceTree = "<group>";
		};
		04114C261D11894E008A57DB /* 按钮 */ = {
			isa = PBXGroup;
			children = (
				04114C271D11896C008A57DB /* CJRecommandBtnView.h */,
				04114C281D11896C008A57DB /* CJRecommandBtnView.m */,
			);
			name = "按钮";
			sourceTree = "<group>";
		};
		04F7A4F41D10075A005CD321 = {
			isa = PBXGroup;
			children = (
				04F7A4FF1D10075B005CD321 /* FreshOxygen */,
				04F7A51C1D10075B005CD321 /* FreshOxygenTests */,
				04F7A4FE1D10075B005CD321 /* Products */,
				7DE684852AA38C09E275D644 /* Pods */,
				8080B51CAA6408815B29A6C0 /* Frameworks */,
			);
			sourceTree = "<group>";
		};
		04F7A4FE1D10075B005CD321 /* Products */ = {
			isa = PBXGroup;
			children = (
				04F7A4FD1D10075B005CD321 /* FreshOxygen.app */,
				04F7A5191D10075B005CD321 /* FreshOxygenTests.xctest */,
			);
			name = Products;
			sourceTree = "<group>";
		};
		04F7A4FF1D10075B005CD321 /* FreshOxygen */ = {
			isa = PBXGroup;
			children = (
				04F7A52D1D1007A1005CD321 /* Class */,
				04F7A5001D10075B005CD321 /* Supporting Files */,
			);
			path = FreshOxygen;
			sourceTree = "<group>";
		};
		04F7A5001D10075B005CD321 /* Supporting Files */ = {
			isa = PBXGroup;
			children = (
				04F7A50F1D10075B005CD321 /* Assets.xcassets */,
				0411447C1D117056008A57DB /* photo.png */,
				04F7A5111D10075B005CD321 /* LaunchScreen.storyboard */,
				04F7A5141D10075B005CD321 /* Info.plist */,
				04F7A50C1D10075B005CD321 /* FreshOxygen.xcdatamodeld */,
				04F7A5011D10075B005CD321 /* main.m */,
			);
			name = "Supporting Files";
			sourceTree = "<group>";
		};
		04F7A51C1D10075B005CD321 /* FreshOxygenTests */ = {
			isa = PBXGroup;
			children = (
				04F7A51D1D10075B005CD321 /* FreshOxygenTests.m */,
				04F7A51F1D10075B005CD321 /* Info.plist */,
			);
			path = FreshOxygenTests;
			sourceTree = "<group>";
		};
		04F7A5281D10076C005CD321 /* Other */ = {
			isa = PBXGroup;
			children = (
				04DC87DC1D123D92003EE196 /* NSArray+Extension.h */,
				04DC87DD1D123D92003EE196 /* NSArray+Extension.m */,
				04F7A5031D10075B005CD321 /* AppDelegate.h */,
				04F7A5041D10075B005CD321 /* AppDelegate.m */,
				041144391D112DFB008A57DB /* CJHeader.h */,
				04DC87DF1D1240FC003EE196 /* CJTool.h */,
				04DC87E01D1240FC003EE196 /* CJTool.m */,
			);
			name = Other;
			sourceTree = "<group>";
		};
		04F7A5291D100772005CD321 /* View */ = {
			isa = PBXGroup;
			children = (
				0411446D1D115517008A57DB /* 推荐 */,
			);
			name = View;
			sourceTree = "<group>";
		};
		04F7A52A1D100777005CD321 /* Controller */ = {
			isa = PBXGroup;
			children = (
				04F7A5061D10075B005CD321 /* ViewController.h */,
				04F7A5071D10075B005CD321 /* ViewController.m */,
			);
			name = Controller;
			sourceTree = "<group>";
		};
		04F7A52B1D100781005CD321 /* Model */ = {
			isa = PBXGroup;
			children = (
				0411443A1D113057008A57DB /* CoreData */,
				041144661D114039008A57DB /* 推荐首页 */,
			);
			name = Model;
			sourceTree = "<group>";
		};
		04F7A52C1D100786005CD321 /* Thrid */ = {
			isa = PBXGroup;
			children = (
			);
			name = Thrid;
			sourceTree = "<group>";
		};
		04F7A52D1D1007A1005CD321 /* Class */ = {
			isa = PBXGroup;
			children = (
				04F7A5091D10075B005CD321 /* Main.storyboard */,
				04F7A52A1D100777005CD321 /* Controller */,
				04F7A5291D100772005CD321 /* View */,
				04F7A52B1D100781005CD321 /* Model */,
				04F7A5281D10076C005CD321 /* Other */,
				04F7A52C1D100786005CD321 /* Thrid */,
			);
			name = Class;
			sourceTree = "<group>";
		};
		7DE684852AA38C09E275D644 /* Pods */ = {
			isa = PBXGroup;
			children = (
				EA04CEBE699483058A177554 /* Pods-FreshOxygen.debug.xcconfig */,
				2E08BC170A29BA49762B8A7A /* Pods-FreshOxygen.release.xcconfig */,
			);
			name = Pods;
			sourceTree = "<group>";
		};
		8080B51CAA6408815B29A6C0 /* Frameworks */ = {
			isa = PBXGroup;
			children = (
				866EC5CC5873624BF83C2FA5 /* libPods-FreshOxygen.a */,
			);
			name = Frameworks;
			sourceTree = "<group>";
		};
/* End PBXGroup section */

/* Begin PBXNativeTarget section */
		04F7A4FC1D10075B005CD321 /* FreshOxygen */ = {
			isa = PBXNativeTarget;
			buildConfigurationList = 04F7A5221D10075B005CD321 /* Build configuration list for PBXNativeTarget "FreshOxygen" */;
			buildPhases = (
				688AF7B6469BA72BF0D5B800 /* [CP] Check Pods Manifest.lock */,
				04F7A4F91D10075B005CD321 /* Sources */,
				04F7A4FA1D10075B005CD321 /* Frameworks */,
				04F7A4FB1D10075B005CD321 /* Resources */,
				6B0AABD6AAE6486E585F2722 /* [CP] Embed Pods Frameworks */,
				619639F34F8821DBB067B5D7 /* [CP] Copy Pods Resources */,
			);
			buildRules = (
			);
			dependencies = (
			);
			name = FreshOxygen;
			productName = FreshOxygen;
			productReference = 04F7A4FD1D10075B005CD321 /* FreshOxygen.app */;
			productType = "com.apple.product-type.application";
		};
		04F7A5181D10075B005CD321 /* FreshOxygenTests */ = {
			isa = PBXNativeTarget;
			buildConfigurationList = 04F7A5251D10075B005CD321 /* Build configuration list for PBXNativeTarget "FreshOxygenTests" */;
			buildPhases = (
				04F7A5151D10075B005CD321 /* Sources */,
				04F7A5161D10075B005CD321 /* Frameworks */,
				04F7A5171D10075B005CD321 /* Resources */,
			);
			buildRules = (
			);
			dependencies = (
				04F7A51B1D10075B005CD321 /* PBXTargetDependency */,
			);
			name = FreshOxygenTests;
			productName = FreshOxygenTests;
			productReference = 04F7A5191D10075B005CD321 /* FreshOxygenTests.xctest */;
			productType = "com.apple.product-type.bundle.unit-test";
		};
/* End PBXNativeTarget section */

/* Begin PBXProject section */
		04F7A4F51D10075A005CD321 /* Project object */ = {
			isa = PBXProject;
			attributes = {
				LastUpgradeCheck = 0710;
				ORGANIZATIONNAME = Cijian.Wu;
				TargetAttributes = {
					04F7A4FC1D10075B005CD321 = {
						CreatedOnToolsVersion = 7.1;
					};
					04F7A5181D10075B005CD321 = {
						CreatedOnToolsVersion = 7.1;
						TestTargetID = 04F7A4FC1D10075B005CD321;
					};
				};
			};
			buildConfigurationList = 04F7A4F81D10075A005CD321 /* Build configuration list for PBXProject "FreshOxygen" */;
			compatibilityVersion = "Xcode 3.2";
			developmentRegion = English;
			hasScannedForEncodings = 0;
			knownRegions = (
				en,
				Base,
			);
			mainGroup = 04F7A4F41D10075A005CD321;
			productRefGroup = 04F7A4FE1D10075B005CD321 /* Products */;
			projectDirPath = "";
			projectRoot = "";
			targets = (
				04F7A4FC1D10075B005CD321 /* FreshOxygen */,
				04F7A5181D10075B005CD321 /* FreshOxygenTests */,
			);
		};
/* End PBXProject section */

/* Begin PBXResourcesBuildPhase section */
		04F7A4FB1D10075B005CD321 /* Resources */ = {
			isa = PBXResourcesBuildPhase;
			buildActionMask = 2147483647;
			files = (
				0411447D1D117056008A57DB /* photo.png in Resources */,
				041144761D1156C9008A57DB /* CJRecommandCustomTableCell.xib in Resources */,
				0411447B1D115717008A57DB /* CJRecommandGOVTableCell.xib in Resources */,
				04F7A5131D10075B005CD321 /* LaunchScreen.storyboard in Resources */,
				04F7A5101D10075B005CD321 /* Assets.xcassets in Resources */,
				04F7A50B1D10075B005CD321 /* Main.storyboard in Resources */,
				04F7A5321D101FC7005CD321 /* CJRecommandScrollView.xib in Resources */,
			);
			runOnlyForDeploymentPostprocessing = 0;
		};
		04F7A5171D10075B005CD321 /* Resources */ = {
			isa = PBXResourcesBuildPhase;
			buildActionMask = 2147483647;
			files = (
			);
			runOnlyForDeploymentPostprocessing = 0;
		};
/* End PBXResourcesBuildPhase section */

/* Begin PBXShellScriptBuildPhase section */
		619639F34F8821DBB067B5D7 /* [CP] Copy Pods Resources */ = {
			isa = PBXShellScriptBuildPhase;
			buildActionMask = 2147483647;
			files = (
			);
			inputPaths = (
			);
			name = "[CP] Copy Pods Resources";
			outputPaths = (
			);
			runOnlyForDeploymentPostprocessing = 0;
			shellPath = /bin/sh;
			shellScript = "\"${SRCROOT}/Pods/Target Support Files/Pods-FreshOxygen/Pods-FreshOxygen-resources.sh\"\n";
			showEnvVarsInLog = 0;
		};
		688AF7B6469BA72BF0D5B800 /* [CP] Check Pods Manifest.lock */ = {
			isa = PBXShellScriptBuildPhase;
			buildActionMask = 2147483647;
			files = (
			);
			inputPaths = (
			);
			name = "[CP] Check Pods Manifest.lock";
			outputPaths = (
			);
			runOnlyForDeploymentPostprocessing = 0;
			shellPath = /bin/sh;
			shellScript = "diff \"${PODS_ROOT}/../Podfile.lock\" \"${PODS_ROOT}/Manifest.lock\" > /dev/null\nif [[ $? != 0 ]] ; then\n    cat << EOM\nerror: The sandbox is not in sync with the Podfile.lock. Run 'pod install' or update your CocoaPods installation.\nEOM\n    exit 1\nfi\n";
			showEnvVarsInLog = 0;
		};
		6B0AABD6AAE6486E585F2722 /* [CP] Embed Pods Frameworks */ = {
			isa = PBXShellScriptBuildPhase;
			buildActionMask = 2147483647;
			files = (
			);
			inputPaths = (
			);
			name = "[CP] Embed Pods Frameworks";
			outputPaths = (
			);
			runOnlyForDeploymentPostprocessing = 0;
			shellPath = /bin/sh;
			shellScript = "\"${SRCROOT}/Pods/Target Support Files/Pods-FreshOxygen/Pods-FreshOxygen-frameworks.sh\"\n";
			showEnvVarsInLog = 0;
		};
/* End PBXShellScriptBuildPhase section */

/* Begin PBXSourcesBuildPhase section */
		04F7A4F91D10075B005CD321 /* Sources */ = {
			isa = PBXSourcesBuildPhase;
			buildActionMask = 2147483647;
			files = (
				04DC87DE1D123D92003EE196 /* NSArray+Extension.m in Sources */,
				04F7A5081D10075B005CD321 /* ViewController.m in Sources */,
				04F7A5051D10075B005CD321 /* AppDelegate.m in Sources */,
				041144611D11372A008A57DB /* RecommandImages.m in Sources */,
				04114C291D11896C008A57DB /* CJRecommandBtnView.m in Sources */,
				04F7A50E1D10075B005CD321 /* FreshOxygen.xcdatamodeld in Sources */,
				04DC87E11D1240FC003EE196 /* CJTool.m in Sources */,
				04F7A5021D10075B005CD321 /* main.m in Sources */,
				041144691D114062008A57DB /* CJRecommandCellModel.m in Sources */,
				0411446C1D114D62008A57DB /* CJRecommandSurgeryModel.m in Sources */,
				041144631D11372A008A57DB /* RecommandMessage.m in Sources */,
				0411445F1D11372A008A57DB /* RecommandBtn.m in Sources */,
				041144641D11372A008A57DB /* RecommandScroll+CoreDataProperties.m in Sources */,
				041144651D11372A008A57DB /* RecommandScroll.m in Sources */,
				041144621D11372A008A57DB /* RecommandMessage+CoreDataProperties.m in Sources */,
				0411447A1D115717008A57DB /* CJRecommandGOVTableCell.m in Sources */,
				04F7A5301D101F9F005CD321 /* CJRecommandScrollView.m in Sources */,
				041144751D1156C9008A57DB /* CJRecommandCustomTableCell.m in Sources */,
				041144601D11372A008A57DB /* RecommandImages+CoreDataProperties.m in Sources */,
				0411445E1D11372A008A57DB /* RecommandBtn+CoreDataProperties.m in Sources */,
			);
			runOnlyForDeploymentPostprocessing = 0;
		};
		04F7A5151D10075B005CD321 /* Sources */ = {
			isa = PBXSourcesBuildPhase;
			buildActionMask = 2147483647;
			files = (
				04F7A51E1D10075B005CD321 /* FreshOxygenTests.m in Sources */,
			);
			runOnlyForDeploymentPostprocessing = 0;
		};
/* End PBXSourcesBuildPhase section */

/* Begin PBXTargetDependency section */
		04F7A51B1D10075B005CD321 /* PBXTargetDependency */ = {
			isa = PBXTargetDependency;
			target = 04F7A4FC1D10075B005CD321 /* FreshOxygen */;
			targetProxy = 04F7A51A1D10075B005CD321 /* PBXContainerItemProxy */;
		};
/* End PBXTargetDependency section */

/* Begin PBXVariantGroup section */
		04F7A5091D10075B005CD321 /* Main.storyboard */ = {
			isa = PBXVariantGroup;
			children = (
				04F7A50A1D10075B005CD321 /* Base */,
			);
			name = Main.storyboard;
			sourceTree = "<group>";
		};
		04F7A5111D10075B005CD321 /* LaunchScreen.storyboard */ = {
			isa = PBXVariantGroup;
			children = (
				04F7A5121D10075B005CD321 /* Base */,
			);
			name = LaunchScreen.storyboard;
			sourceTree = "<group>";
		};
/* End PBXVariantGroup section */

/* Begin XCBuildConfiguration section */
		04F7A5201D10075B005CD321 /* Debug */ = {
			isa = XCBuildConfiguration;
			buildSettings = {
				ALWAYS_SEARCH_USER_PATHS = NO;
				CLANG_CXX_LANGUAGE_STANDARD = "gnu++0x";
				CLANG_CXX_LIBRARY = "libc++";
				CLANG_ENABLE_MODULES = YES;
				CLANG_ENABLE_OBJC_ARC = YES;
				CLANG_WARN_BOOL_CONVERSION = YES;
				CLANG_WARN_CONSTANT_CONVERSION = YES;
				CLANG_WARN_DIRECT_OBJC_ISA_USAGE = YES_ERROR;
				CLANG_WARN_EMPTY_BODY = YES;
				CLANG_WARN_ENUM_CONVERSION = YES;
				CLANG_WARN_INT_CONVERSION = YES;
				CLANG_WARN_OBJC_ROOT_CLASS = YES_ERROR;
				CLANG_WARN_UNREACHABLE_CODE = YES;
				CLANG_WARN__DUPLICATE_METHOD_MATCH = YES;
				"CODE_SIGN_IDENTITY[sdk=iphoneos*]" = "iPhone Developer";
				COPY_PHASE_STRIP = NO;
				DEBUG_INFORMATION_FORMAT = dwarf;
				ENABLE_STRICT_OBJC_MSGSEND = YES;
				ENABLE_TESTABILITY = YES;
				GCC_C_LANGUAGE_STANDARD = gnu99;
				GCC_DYNAMIC_NO_PIC = NO;
				GCC_NO_COMMON_BLOCKS = YES;
				GCC_OPTIMIZATION_LEVEL = 0;
				GCC_PREPROCESSOR_DEFINITIONS = (
					"DEBUG=1",
					"$(inherited)",
				);
				GCC_WARN_64_TO_32_BIT_CONVERSION = YES;
				GCC_WARN_ABOUT_RETURN_TYPE = YES_ERROR;
				GCC_WARN_UNDECLARED_SELECTOR = YES;
				GCC_WARN_UNINITIALIZED_AUTOS = YES_AGGRESSIVE;
				GCC_WARN_UNUSED_FUNCTION = YES;
				GCC_WARN_UNUSED_VARIABLE = YES;
				IPHONEOS_DEPLOYMENT_TARGET = 9.1;
				MTL_ENABLE_DEBUG_INFO = YES;
				ONLY_ACTIVE_ARCH = YES;
				SDKROOT = iphoneos;
				TARGETED_DEVICE_FAMILY = "1,2";
			};
			name = Debug;
		};
		04F7A5211D10075B005CD321 /* Release */ = {
			isa = XCBuildConfiguration;
			buildSettings = {
				ALWAYS_SEARCH_USER_PATHS = NO;
				CLANG_CXX_LANGUAGE_STANDARD = "gnu++0x";
				CLANG_CXX_LIBRARY = "libc++";
				CLANG_ENABLE_MODULES = YES;
				CLANG_ENABLE_OBJC_ARC = YES;
				CLANG_WARN_BOOL_CONVERSION = YES;
				CLANG_WARN_CONSTANT_CONVERSION = YES;
				CLANG_WARN_DIRECT_OBJC_ISA_USAGE = YES_ERROR;
				CLANG_WARN_EMPTY_BODY = YES;
				CLANG_WARN_ENUM_CONVERSION = YES;
				CLANG_WARN_INT_CONVERSION = YES;
				CLANG_WARN_OBJC_ROOT_CLASS = YES_ERROR;
				CLANG_WARN_UNREACHABLE_CODE = YES;
				CLANG_WARN__DUPLICATE_METHOD_MATCH = YES;
				"CODE_SIGN_IDENTITY[sdk=iphoneos*]" = "iPhone Developer";
				COPY_PHASE_STRIP = NO;
				DEBUG_INFORMATION_FORMAT = "dwarf-with-dsym";
				ENABLE_NS_ASSERTIONS = NO;
				ENABLE_STRICT_OBJC_MSGSEND = YES;
				GCC_C_LANGUAGE_STANDARD = gnu99;
				GCC_NO_COMMON_BLOCKS = YES;
				GCC_WARN_64_TO_32_BIT_CONVERSION = YES;
				GCC_WARN_ABOUT_RETURN_TYPE = YES_ERROR;
				GCC_WARN_UNDECLARED_SELECTOR = YES;
				GCC_WARN_UNINITIALIZED_AUTOS = YES_AGGRESSIVE;
				GCC_WARN_UNUSED_FUNCTION = YES;
				GCC_WARN_UNUSED_VARIABLE = YES;
				IPHONEOS_DEPLOYMENT_TARGET = 9.1;
				MTL_ENABLE_DEBUG_INFO = NO;
				SDKROOT = iphoneos;
				TARGETED_DEVICE_FAMILY = "1,2";
				VALIDATE_PRODUCT = YES;
			};
			name = Release;
		};
		04F7A5231D10075B005CD321 /* Debug */ = {
			isa = XCBuildConfiguration;
			baseConfigurationReference = EA04CEBE699483058A177554 /* Pods-FreshOxygen.debug.xcconfig */;
			buildSettings = {
				ASSETCATALOG_COMPILER_APPICON_NAME = AppIcon;
				INFOPLIST_FILE = FreshOxygen/Info.plist;
				LD_RUNPATH_SEARCH_PATHS = "$(inherited) @executable_path/Frameworks";
				PRODUCT_BUNDLE_IDENTIFIER = "CJ-Chris.FreshOxygen";
				PRODUCT_NAME = "$(TARGET_NAME)";
			};
			name = Debug;
		};
		04F7A5241D10075B005CD321 /* Release */ = {
			isa = XCBuildConfiguration;
			baseConfigurationReference = 2E08BC170A29BA49762B8A7A /* Pods-FreshOxygen.release.xcconfig */;
			buildSettings = {
				ASSETCATALOG_COMPILER_APPICON_NAME = AppIcon;
				INFOPLIST_FILE = FreshOxygen/Info.plist;
				LD_RUNPATH_SEARCH_PATHS = "$(inherited) @executable_path/Frameworks";
				PRODUCT_BUNDLE_IDENTIFIER = "CJ-Chris.FreshOxygen";
				PRODUCT_NAME = "$(TARGET_NAME)";
			};
			name = Release;
		};
		04F7A5261D10075B005CD321 /* Debug */ = {
			isa = XCBuildConfiguration;
			buildSettings = {
				BUNDLE_LOADER = "$(TEST_HOST)";
				INFOPLIST_FILE = FreshOxygenTests/Info.plist;
				LD_RUNPATH_SEARCH_PATHS = "$(inherited) @executable_path/Frameworks @loader_path/Frameworks";
				PRODUCT_BUNDLE_IDENTIFIER = "CJ-Chris.FreshOxygenTests";
				PRODUCT_NAME = "$(TARGET_NAME)";
				TEST_HOST = "$(BUILT_PRODUCTS_DIR)/FreshOxygen.app/FreshOxygen";
			};
			name = Debug;
		};
		04F7A5271D10075B005CD321 /* Release */ = {
			isa = XCBuildConfiguration;
			buildSettings = {
				BUNDLE_LOADER = "$(TEST_HOST)";
				INFOPLIST_FILE = FreshOxygenTests/Info.plist;
				LD_RUNPATH_SEARCH_PATHS = "$(inherited) @executable_path/Frameworks @loader_path/Frameworks";
				PRODUCT_BUNDLE_IDENTIFIER = "CJ-Chris.FreshOxygenTests";
				PRODUCT_NAME = "$(TARGET_NAME)";
				TEST_HOST = "$(BUILT_PRODUCTS_DIR)/FreshOxygen.app/FreshOxygen";
			};
			name = Release;
		};
/* End XCBuildConfiguration section */

/* Begin XCConfigurationList section */
		04F7A4F81D10075A005CD321 /* Build configuration list for PBXProject "FreshOxygen" */ = {
			isa = XCConfigurationList;
			buildConfigurations = (
				04F7A5201D10075B005CD321 /* Debug */,
				04F7A5211D10075B005CD321 /* Release */,
			);
			defaultConfigurationIsVisible = 0;
			defaultConfigurationName = Release;
		};
		04F7A5221D10075B005CD321 /* Build configuration list for PBXNativeTarget "FreshOxygen" */ = {
			isa = XCConfigurationList;
			buildConfigurations = (
				04F7A5231D10075B005CD321 /* Debug */,
				04F7A5241D10075B005CD321 /* Release */,
			);
			defaultConfigurationIsVisible = 0;
			defaultConfigurationName = Release;
		};
		04F7A5251D10075B005CD321 /* Build configuration list for PBXNativeTarget "FreshOxygenTests" */ = {
			isa = XCConfigurationList;
			buildConfigurations = (
				04F7A5261D10075B005CD321 /* Debug */,
				04F7A5271D10075B005CD321 /* Release */,
			);
			defaultConfigurationIsVisible = 0;
			defaultConfigurationName = Release;
		};
/* End XCConfigurationList section */

/* Begin XCVersionGroup section */
		04F7A50C1D10075B005CD321 /* FreshOxygen.xcdatamodeld */ = {
			isa = XCVersionGroup;
			children = (
				04F7A50D1D10075B005CD321 /* FreshOxygen.xcdatamodel */,
			);
			currentVersion = 04F7A50D1D10075B005CD321 /* FreshOxygen.xcdatamodel */;
			path = FreshOxygen.xcdatamodeld;
			sourceTree = "<group>";
			versionGroupType = wrapper.xcdatamodel;
		};
/* End XCVersionGroup section */
	};
	rootObject = 04F7A4F51D10075A005CD321 /* Project object */;
}
